{
  "name": "MyPortfoli",
  "lockfileVersion": 3,
  "requires": true,
  "packages": {
    "": {
      "dependencies": {
        "babylonjs": "^6.25.0",
        "babylonjs-loaders": "^6.25.0"
      }
    },
    "node_modules/babylonjs": {
      "version": "6.25.0",
      "resolved": "https://registry.npmjs.org/babylonjs/-/babylonjs-6.25.0.tgz",
      "integrity": "sha512-oFrmvWogLoPOtFJzwKyN3D/bTbMK/TNmv9XoDEixUMBH3ljGNQI8UtwO/Uu3sHHLJ+qM1ZugR7ny1z4lpfLrzw==",
      "hasInstallScript": true
    },
    "node_modules/babylonjs-gltf2interface": {
      "version": "6.25.0",
      "resolved": "https://registry.npmjs.org/babylonjs-gltf2interface/-/babylonjs-gltf2interface-6.25.0.tgz",
      "integrity": "sha512-54YjguOXfJXSynJ/M+ZPEIUFK4O8zBxb55tLhivcw2tkLH4IyudkH/bdFC2wQhEJ6lFzHoYhUWE0zd6WK8Zj0A=="
    },
    "node_modules/babylonjs-loaders": {
      "version": "6.25.0",
      "resolved": "https://registry.npmjs.org/babylonjs-loaders/-/babylonjs-loaders-6.25.0.tgz",
      "integrity": "sha512-QNJRQg3qTyO2uL5wJFkAZmgkS4EiO/TkZpIgMLyMIX7wvkBxuvl1F7l2nlTATN8a0AxnWOVeRfNST8LC/gGzrg==",
      "dependencies": {
        "babylonjs": "^6.25.0",
        "babylonjs-gltf2interface": "^6.25.0"
      }
    }
  }
}
